
Microsoft Visual Studio Solution File, Format Version 12.00
# Visual Studio 2012
Project("{FAE04EC0-301F-11D3-BF4B-00C04F79EFBC}") = "trainingapp", "trainingapp\trainingapp.csproj", "{CDFA6B39-3153-4BB5-87CC-845F1089BE06}"
EndProject
Project("{2150E333-8FDC-42A3-9474-1A3956D46DE8}") = "Solution Items", "Solution Items", "{4B4A8C1E-7056-49A6-93BD-4DBB22A4ED1A}"
EndProject
Global
	GlobalSection(SolutionConfigurationPlatforms) = preSolution
		Debug|Any CPU = Debug|Any CPU
		Release|Any CPU = Release|Any CPU
	EndGlobalSection
	GlobalSection(ProjectConfigurationPlatforms) = postSolution
		{CDFA6B39-3153-4BB5-87CC-845F1089BE06}.Debug|Any CPU.ActiveCfg = Debug|Any CPU
		{CDFA6B39-3153-4BB5-87CC-845F1089BE06}.Debug|Any CPU.Build.0 = Debug|Any CPU
		{CDFA6B39-3153-4BB5-87CC-845F1089BE06}.Release|Any CPU.ActiveCfg = Release|Any CPU
		{CDFA6B39-3153-4BB5-87CC-845F1089BE06}.Release|Any CPU.Build.0 = Release|Any CPU
	EndGlobalSection
	GlobalSection(SolutionProperties) = preSolution
		HideSolutionNode = FALSE
	EndGlobalSection
EndGlobal
